
Microsoft Visual Studio Solution File, Format Version 12.00
# Visual Studio 2013
VisualStudioVersion = 12.0.30501.0
MinimumVisualStudioVersion = 10.0.40219.1
Project("{8BC9CEB8-8B4A-11D0-8D11-00A0C91BC942}") = "DirectXMesh", "DirectXMesh\DirectXMesh_WindowsPhone81.vcxproj", "{D61DFA02-CC01-4DE4-B3F3-B4EBE4A76678}"
EndProject
Global
	GlobalSection(SolutionConfigurationPlatforms) = preSolution
		Debug|ARM = Debug|ARM
		Debug|Win32 = Debug|Win32
		Release|ARM = Release|ARM
		Release|Win32 = Release|Win32
	EndGlobalSection
	GlobalSection(ProjectConfigurationPlatforms) = postSolution
		{D61DFA02-CC01-4DE4-B3F3-B4EBE4A76678}.Debug|ARM.ActiveCfg = Debug|ARM
		{D61DFA02-CC01-4DE4-B3F3-B4EBE4A76678}.Debug|ARM.Build.0 = Debug|ARM
		{D61DFA02-CC01-4DE4-B3F3-B4EBE4A76678}.Debug|Win32.ActiveCfg = Debug|Win32
		{D61DFA02-CC01-4DE4-B3F3-B4EBE4A76678}.Debug|Win32.Build.0 = Debug|Win32
		{D61DFA02-CC01-4DE4-B3F3-B4EBE4A76678}.Release|ARM.ActiveCfg = Release|ARM
		{D61DFA02-CC01-4DE4-B3F3-B4EBE4A76678}.Release|ARM.Build.0 = Release|ARM
		{D61DFA02-CC01-4DE4-B3F3-B4EBE4A76678}.Release|Win32.ActiveCfg = Release|Win32
		{D61DFA02-CC01-4DE4-B3F3-B4EBE4A76678}.Release|Win32.Build.0 = Release|Win32
	EndGlobalSection
	GlobalSection(SolutionProperties) = preSolution
		HideSolutionNode = FALSE
	EndGlobalSection
EndGlobal
