
Microsoft Visual Studio Solution File, Format Version 12.00
# Visual Studio 2012
Project("{8BC9CEB8-8B4A-11D0-8D11-00A0C91BC942}") = "DirectXMesh", "DirectXMesh\DirectXMesh_XboxOneADK.vcxproj", "{20DAD6E6-413B-40CF-8AD5-8BDC6ACC664F}"
EndProject
Global
	GlobalSection(SolutionConfigurationPlatforms) = preSolution
		Debug|Durango = Debug|Durango
		Profile|Durango = Profile|Durango
		Release|Durango = Release|Durango
	EndGlobalSection
	GlobalSection(ProjectConfigurationPlatforms) = postSolution
		{20DAD6E6-413B-40CF-8AD5-8BDC6ACC664F}.Debug|Durango.ActiveCfg = Debug|Durango
		{20DAD6E6-413B-40CF-8AD5-8BDC6ACC664F}.Debug|Durango.Build.0 = Debug|Durango
		{20DAD6E6-413B-40CF-8AD5-8BDC6ACC664F}.Profile|Durango.ActiveCfg = Profile|Durango
		{20DAD6E6-413B-40CF-8AD5-8BDC6ACC664F}.Profile|Durango.Build.0 = Profile|Durango
		{20DAD6E6-413B-40CF-8AD5-8BDC6ACC664F}.Release|Durango.ActiveCfg = Release|Durango
		{20DAD6E6-413B-40CF-8AD5-8BDC6ACC664F}.Release|Durango.Build.0 = Release|Durango
	EndGlobalSection
	GlobalSection(SolutionProperties) = preSolution
		HideSolutionNode = FALSE
	EndGlobalSection
EndGlobal
