<?xml version="1.0" encoding="utf-8"?>
<Project ToolsVersion="12.0" xmlns="http://schemas.microsoft.com/developer/msbuild/2003">
  <ItemGroup>
    <Filter Include="Header Files">
      <UniqueIdentifier>{76600727-c5e3-4391-8da1-31033b61259f}</UniqueIdentifier>
    </Filter>
    <Filter Include="Source Files">
      <UniqueIdentifier>{c70e4b19-005c-49af-825d-ea46c05e38d7}</UniqueIdentifier>
    </Filter>
  </ItemGroup>
  <ItemGroup>
    <ClInclude Include="DirectXMesh.h">
      <Filter>Header Files</Filter>
    </ClInclude>
    <ClInclude Include="scoped.h">
      <Filter>Source Files</Filter>
    </ClInclude>
    <ClInclude Include="DirectXMeshP.h">
      <Filter>Source Files</Filter>
    </ClInclude>
  </ItemGroup>
  <ItemGroup>
    <ClCompile Include="DirectXMeshAdjacency.cpp">
      <Filter>Source Files</Filter>
    </ClCompile>
    <ClCompile Include="DirectXMeshClean.cpp">
      <Filter>Source Files</Filter>
    </ClCompile>
    <ClCompile Include="DirectXMeshGSAdjacency.cpp">
      <Filter>Source Files</Filter>
    </ClCompile>
    <ClCompile Include="DirectXMeshNormals.cpp">
      <Filter>Source Files</Filter>
    </ClCompile>
    <ClCompile Include="DirectXMeshOptimize.cpp">
      <Filter>Source Files</Filter>
    </ClCompile>
    <ClCompile Include="DirectXMeshRemap.cpp">
      <Filter>Source Files</Filter>
    </ClCompile>
    <ClCompile Include="DirectXMeshTangentFrame.cpp">
      <Filter>Source Files</Filter>
    </ClCompile>
    <ClCompile Include="DirectXMeshUtil.cpp">
      <Filter>Source Files</Filter>
    </ClCompile>
    <ClCompile Include="DirectXMeshValidate.cpp">
      <Filter>Source Files</Filter>
    </ClCompile>
    <ClCompile Include="DirectXMeshVBReader.cpp">
      <Filter>Source Files</Filter>
    </ClCompile>
    <ClCompile Include="DirectXMeshVBWriter.cpp">
      <Filter>Source Files</Filter>
    </ClCompile>
  </ItemGroup>
  <ItemGroup>
    <None Include="DirectXMesh.inl">
      <Filter>Header Files</Filter>
    </None>
  </ItemGroup>
</Project>